
Microsoft Visual Studio Solution File, Format Version 12.00
# Visual Studio Version 17
VisualStudioVersion = 17.8.34309.116
MinimumVisualStudioVersion = 10.0.40219.1
Project("{9A19103F-16F7-4668-BE54-9A1E7A4F7556}") = "MauiAppCenter3", "MauiAppCenter3.csproj", "{B90F8428-4ECA-41F5-B9E8-12EE60416481}"
EndProject
Global
	GlobalSection(SolutionConfigurationPlatforms) = preSolution
		Debug|Any CPU = Debug|Any CPU
		Release|Any CPU = Release|Any CPU
	EndGlobalSection
	GlobalSection(ProjectConfigurationPlatforms) = postSolution
		{B90F8428-4ECA-41F5-B9E8-12EE60416481}.Debug|Any CPU.ActiveCfg = Debug|Any CPU
		{B90F8428-4ECA-41F5-B9E8-12EE60416481}.Debug|Any CPU.Build.0 = Debug|Any CPU
		{B90F8428-4ECA-41F5-B9E8-12EE60416481}.Debug|Any CPU.Deploy.0 = Debug|Any CPU
		{B90F8428-4ECA-41F5-B9E8-12EE60416481}.Release|Any CPU.ActiveCfg = Release|Any CPU
		{B90F8428-4ECA-41F5-B9E8-12EE60416481}.Release|Any CPU.Build.0 = Release|Any CPU
		{B90F8428-4ECA-41F5-B9E8-12EE60416481}.Release|Any CPU.Deploy.0 = Release|Any CPU
	EndGlobalSection
	GlobalSection(SolutionProperties) = preSolution
		HideSolutionNode = FALSE
	EndGlobalSection
	GlobalSection(ExtensibilityGlobals) = postSolution
		SolutionGuid = {1C8443EE-48D5-450D-8289-688D38FC2C11}
	EndGlobalSection
EndGlobal
